
Microsoft Visual Studio Solution File, Format Version 12.00
# Visual Studio Version 16
VisualStudioVersion = 16.0.31005.135
MinimumVisualStudioVersion = 10.0.40219.1
Project("{FAE04EC0-301F-11D3-BF4B-00C04F79EFBC}") = "01_Number_Pyramid", "01_Number_Pyramid\01_Number_Pyramid.csproj", "{6E93F348-A273-476B-83AD-EA70A59A4585}"
EndProject
Project("{FAE04EC0-301F-11D3-BF4B-00C04F79EFBC}") = "02_Equal_Sums_Even_Odd_Position", "02_Equal_Sums_Even_Odd_Position\02_Equal_Sums_Even_Odd_Position.csproj", "{D6F6FB20-8094-4245-B3DB-0C574DFE63BF}"
EndProject
Project("{FAE04EC0-301F-11D3-BF4B-00C04F79EFBC}") = "03_Sum_Prime_Non_Prime", "03_Sum_Prime_Non_Prime\03_Sum_Prime_Non_Prime.csproj", "{7486BC22-9246-486E-9D1E-4C77E1AEC882}"
EndProject
Project("{FAE04EC0-301F-11D3-BF4B-00C04F79EFBC}") = "04_Train_The_Trainers", "04_Train_The_Trainers\04_Train_The_Trainers.csproj", "{C6414EEA-EDC4-472E-8B5C-C68182006518}"
EndProject
Project("{FAE04EC0-301F-11D3-BF4B-00C04F79EFBC}") = "05_Password_Generator", "05_Password_Generator\05_Password_Generator.csproj", "{794FA48C-D096-44B5-AC92-6E3A96240D3B}"
EndProject
Project("{FAE04EC0-301F-11D3-BF4B-00C04F79EFBC}") = "06_Special_Numbers", "06_Special_Numbers\06_Special_Numbers.csproj", "{3623E996-7406-41ED-B855-ECFCA696CEA2}"
EndProject
Global
	GlobalSection(SolutionConfigurationPlatforms) = preSolution
		Debug|Any CPU = Debug|Any CPU
		Release|Any CPU = Release|Any CPU
	EndGlobalSection
	GlobalSection(ProjectConfigurationPlatforms) = postSolution
		{6E93F348-A273-476B-83AD-EA70A59A4585}.Debug|Any CPU.ActiveCfg = Debug|Any CPU
		{6E93F348-A273-476B-83AD-EA70A59A4585}.Debug|Any CPU.Build.0 = Debug|Any CPU
		{6E93F348-A273-476B-83AD-EA70A59A4585}.Release|Any CPU.ActiveCfg = Release|Any CPU
		{6E93F348-A273-476B-83AD-EA70A59A4585}.Release|Any CPU.Build.0 = Release|Any CPU
		{D6F6FB20-8094-4245-B3DB-0C574DFE63BF}.Debug|Any CPU.ActiveCfg = Debug|Any CPU
		{D6F6FB20-8094-4245-B3DB-0C574DFE63BF}.Debug|Any CPU.Build.0 = Debug|Any CPU
		{D6F6FB20-8094-4245-B3DB-0C574DFE63BF}.Release|Any CPU.ActiveCfg = Release|Any CPU
		{D6F6FB20-8094-4245-B3DB-0C574DFE63BF}.Release|Any CPU.Build.0 = Release|Any CPU
		{7486BC22-9246-486E-9D1E-4C77E1AEC882}.Debug|Any CPU.ActiveCfg = Debug|Any CPU
		{7486BC22-9246-486E-9D1E-4C77E1AEC882}.Debug|Any CPU.Build.0 = Debug|Any CPU
		{7486BC22-9246-486E-9D1E-4C77E1AEC882}.Release|Any CPU.ActiveCfg = Release|Any CPU
		{7486BC22-9246-486E-9D1E-4C77E1AEC882}.Release|Any CPU.Build.0 = Release|Any CPU
		{C6414EEA-EDC4-472E-8B5C-C68182006518}.Debug|Any CPU.ActiveCfg = Debug|Any CPU
		{C6414EEA-EDC4-472E-8B5C-C68182006518}.Debug|Any CPU.Build.0 = Debug|Any CPU
		{C6414EEA-EDC4-472E-8B5C-C68182006518}.Release|Any CPU.ActiveCfg = Release|Any CPU
		{C6414EEA-EDC4-472E-8B5C-C68182006518}.Release|Any CPU.Build.0 = Release|Any CPU
		{794FA48C-D096-44B5-AC92-6E3A96240D3B}.Debug|Any CPU.ActiveCfg = Debug|Any CPU
		{794FA48C-D096-44B5-AC92-6E3A96240D3B}.Debug|Any CPU.Build.0 = Debug|Any CPU
		{794FA48C-D096-44B5-AC92-6E3A96240D3B}.Release|Any CPU.ActiveCfg = Release|Any CPU
		{794FA48C-D096-44B5-AC92-6E3A96240D3B}.Release|Any CPU.Build.0 = Release|Any CPU
		{3623E996-7406-41ED-B855-ECFCA696CEA2}.Debug|Any CPU.ActiveCfg = Debug|Any CPU
		{3623E996-7406-41ED-B855-ECFCA696CEA2}.Debug|Any CPU.Build.0 = Debug|Any CPU
		{3623E996-7406-41ED-B855-ECFCA696CEA2}.Release|Any CPU.ActiveCfg = Release|Any CPU
		{3623E996-7406-41ED-B855-ECFCA696CEA2}.Release|Any CPU.Build.0 = Release|Any CPU
	EndGlobalSection
	GlobalSection(SolutionProperties) = preSolution
		HideSolutionNode = FALSE
	EndGlobalSection
	GlobalSection(ExtensibilityGlobals) = postSolution
		SolutionGuid = {3BB49478-7101-4D0F-A2BE-D354F9ED0408}
	EndGlobalSection
EndGlobal
